
Microsoft Visual Studio Solution File, Format Version 12.00
# Visual Studio Version 16
VisualStudioVersion = 16.0.30413.136
MinimumVisualStudioVersion = 10.0.40219.1
Project("{9A19103F-16F7-4668-BE54-9A1E7A4F7556}") = "SpotiLy", "SpotiLy\SpotiLy.csproj", "{16294125-EE4A-44E3-8485-493C99BD872E}"
EndProject
Project("{9A19103F-16F7-4668-BE54-9A1E7A4F7556}") = "SpotiLyAccGen", "SpotiLyAccGen\SpotiLyAccGen.csproj", "{47E0D4EB-3BD2-422B-A50C-2ADA2191AA61}"
EndProject
Project("{9A19103F-16F7-4668-BE54-9A1E7A4F7556}") = "SpotiLyAccUpgrade", "SpotiLyAccUpgrade\SpotiLyAccUpgrade.csproj", "{73BCBE8E-135D-49D5-A978-79B82D1CFDFD}"
EndProject
Project("{9A19103F-16F7-4668-BE54-9A1E7A4F7556}") = "SpotiLyInvitUpdate", "SpotiLyInvitUpdate\SpotiLyInvitUpdate.csproj", "{8BD2BBEC-8D51-443E-A96F-15E5A0172880}"
EndProject
Project("{9A19103F-16F7-4668-BE54-9A1E7A4F7556}") = "SpotiLyMail", "SpotiLyMail\SpotiLyMail.csproj", "{B3AA46FC-F67D-4979-8D38-43784A104E8E}"
EndProject
Global
	GlobalSection(SolutionConfigurationPlatforms) = preSolution
		Debug|Any CPU = Debug|Any CPU
		Release|Any CPU = Release|Any CPU
	EndGlobalSection
	GlobalSection(ProjectConfigurationPlatforms) = postSolution
		{16294125-EE4A-44E3-8485-493C99BD872E}.Debug|Any CPU.ActiveCfg = Debug|Any CPU
		{16294125-EE4A-44E3-8485-493C99BD872E}.Debug|Any CPU.Build.0 = Debug|Any CPU
		{16294125-EE4A-44E3-8485-493C99BD872E}.Release|Any CPU.ActiveCfg = Release|Any CPU
		{16294125-EE4A-44E3-8485-493C99BD872E}.Release|Any CPU.Build.0 = Release|Any CPU
		{47E0D4EB-3BD2-422B-A50C-2ADA2191AA61}.Debug|Any CPU.ActiveCfg = Debug|Any CPU
		{47E0D4EB-3BD2-422B-A50C-2ADA2191AA61}.Debug|Any CPU.Build.0 = Debug|Any CPU
		{47E0D4EB-3BD2-422B-A50C-2ADA2191AA61}.Release|Any CPU.ActiveCfg = Release|Any CPU
		{47E0D4EB-3BD2-422B-A50C-2ADA2191AA61}.Release|Any CPU.Build.0 = Release|Any CPU
		{73BCBE8E-135D-49D5-A978-79B82D1CFDFD}.Debug|Any CPU.ActiveCfg = Debug|Any CPU
		{73BCBE8E-135D-49D5-A978-79B82D1CFDFD}.Debug|Any CPU.Build.0 = Debug|Any CPU
		{73BCBE8E-135D-49D5-A978-79B82D1CFDFD}.Release|Any CPU.ActiveCfg = Release|Any CPU
		{73BCBE8E-135D-49D5-A978-79B82D1CFDFD}.Release|Any CPU.Build.0 = Release|Any CPU
		{8BD2BBEC-8D51-443E-A96F-15E5A0172880}.Debug|Any CPU.ActiveCfg = Debug|Any CPU
		{8BD2BBEC-8D51-443E-A96F-15E5A0172880}.Debug|Any CPU.Build.0 = Debug|Any CPU
		{8BD2BBEC-8D51-443E-A96F-15E5A0172880}.Release|Any CPU.ActiveCfg = Release|Any CPU
		{8BD2BBEC-8D51-443E-A96F-15E5A0172880}.Release|Any CPU.Build.0 = Release|Any CPU
		{B3AA46FC-F67D-4979-8D38-43784A104E8E}.Debug|Any CPU.ActiveCfg = Debug|Any CPU
		{B3AA46FC-F67D-4979-8D38-43784A104E8E}.Debug|Any CPU.Build.0 = Debug|Any CPU
		{B3AA46FC-F67D-4979-8D38-43784A104E8E}.Release|Any CPU.ActiveCfg = Release|Any CPU
		{B3AA46FC-F67D-4979-8D38-43784A104E8E}.Release|Any CPU.Build.0 = Release|Any CPU
	EndGlobalSection
	GlobalSection(SolutionProperties) = preSolution
		HideSolutionNode = FALSE
	EndGlobalSection
	GlobalSection(ExtensibilityGlobals) = postSolution
		SolutionGuid = {EE88B10B-1771-42C5-8B94-E59930F90F92}
	EndGlobalSection
EndGlobal
